
Microsoft Visual Studio Solution File, Format Version 12.00
# Visual Studio Version 17
VisualStudioVersion = 17.5.33516.290
MinimumVisualStudioVersion = 10.0.40219.1
Project("{FAE04EC0-301F-11D3-BF4B-00C04F79EFBC}") = "RabbitMQSender", "RabbitMQSender\RabbitMQSender.csproj", "{EB909E38-FCBC-4E14-9FB7-2BC748541AD4}"
EndProject
Project("{FAE04EC0-301F-11D3-BF4B-00C04F79EFBC}") = "RabbitMQReceiverA", "RabbitMQReceiverA\RabbitMQReceiverA.csproj", "{A0E042F6-7386-43CC-A6F6-067D0DA6EF26}"
EndProject
Project("{FAE04EC0-301F-11D3-BF4B-00C04F79EFBC}") = "RabbitMQReceiverB", "RabbitMQReceiverB\RabbitMQReceiverB.csproj", "{E782A74E-885C-4340-9B96-9730B50EE804}"
EndProject
Global
	GlobalSection(SolutionConfigurationPlatforms) = preSolution
		Debug|Any CPU = Debug|Any CPU
		Release|Any CPU = Release|Any CPU
	EndGlobalSection
	GlobalSection(ProjectConfigurationPlatforms) = postSolution
		{EB909E38-FCBC-4E14-9FB7-2BC748541AD4}.Debug|Any CPU.ActiveCfg = Debug|Any CPU
		{EB909E38-FCBC-4E14-9FB7-2BC748541AD4}.Debug|Any CPU.Build.0 = Debug|Any CPU
		{EB909E38-FCBC-4E14-9FB7-2BC748541AD4}.Release|Any CPU.ActiveCfg = Release|Any CPU
		{EB909E38-FCBC-4E14-9FB7-2BC748541AD4}.Release|Any CPU.Build.0 = Release|Any CPU
		{A0E042F6-7386-43CC-A6F6-067D0DA6EF26}.Debug|Any CPU.ActiveCfg = Debug|Any CPU
		{A0E042F6-7386-43CC-A6F6-067D0DA6EF26}.Debug|Any CPU.Build.0 = Debug|Any CPU
		{A0E042F6-7386-43CC-A6F6-067D0DA6EF26}.Release|Any CPU.ActiveCfg = Release|Any CPU
		{A0E042F6-7386-43CC-A6F6-067D0DA6EF26}.Release|Any CPU.Build.0 = Release|Any CPU
		{E782A74E-885C-4340-9B96-9730B50EE804}.Debug|Any CPU.ActiveCfg = Debug|Any CPU
		{E782A74E-885C-4340-9B96-9730B50EE804}.Debug|Any CPU.Build.0 = Debug|Any CPU
		{E782A74E-885C-4340-9B96-9730B50EE804}.Release|Any CPU.ActiveCfg = Release|Any CPU
		{E782A74E-885C-4340-9B96-9730B50EE804}.Release|Any CPU.Build.0 = Release|Any CPU
	EndGlobalSection
	GlobalSection(SolutionProperties) = preSolution
		HideSolutionNode = FALSE
	EndGlobalSection
	GlobalSection(ExtensibilityGlobals) = postSolution
		SolutionGuid = {75A662E3-11C8-425F-8C26-1F06C54B8783}
	EndGlobalSection
EndGlobal
